PODS:
  - CloudInAppMessaging (0.1.0)

DEPENDENCIES:
  - CloudInAppMessaging (from `../`)

EXTERNAL SOURCES:
  CloudInAppMessaging:
    :path: "../"

SPEC CHECKSUMS:
  CloudInAppMessaging: b7b9e2fc2f96d5b8c3c33d3406553558933359ee

PODFILE CHECKSUM: 23ac1d61aaf4402c4f65c5c738746427c8cd999e

COCOAPODS: 1.8.4
