PODS:
  - CloudInAppMessaging (0.1.0)
  - OCMock (3.4.3)

DEPENDENCIES:
  - CloudInAppMessaging (from `../`)
  - OCMock

SPEC REPOS:
  trunk:
    - OCMock

EXTERNAL SOURCES:
  CloudInAppMessaging:
    :path: "../"

SPEC CHECKSUMS:
  CloudInAppMessaging: 617519680b8b918b2492647f65e653d8f1d2e613
  OCMock: 43565190abc78977ad44a61c0d20d7f0784d35ab

PODFILE CHECKSUM: cb39ccb7d0e57b5a3dfea4ea9a8619ef0c2d0e8b

COCOAPODS: 1.8.4
