PODS:
  - CloudInAppMessaging (0.1.0)

DEPENDENCIES:
  - CloudInAppMessaging (from `../`)

EXTERNAL SOURCES:
  CloudInAppMessaging:
    :path: "../"

SPEC CHECKSUMS:
  CloudInAppMessaging: b7b9e2fc2f96d5b8c3c33d3406553558933359ee

PODFILE CHECKSUM: b359f4696bbde1cc678eb5ed433c0b43afb81ea8

COCOAPODS: 1.8.4
