// !$*UTF8*$!
{
	archiveVersion = 1;
	classes = {
	};
	objectVersion = 51;
	objects = {

/* Begin PBXBuildFile section */
		2A231896236BF6A10052A486 /* AppDelegate.swift in Sources */ = {isa = PBXBuildFile; fileRef = 2A231895236BF6A10052A486 /* AppDelegate.swift */; };
		2A23189A236BF6A10052A486 /* ViewController.swift in Sources */ = {isa = PBXBuildFile; fileRef = 2A231899236BF6A10052A486 /* ViewController.swift */; };
		2A23189D236BF6A10052A486 /* Main.storyboard in Resources */ = {isa = PBXBuildFile; fileRef = 2A23189B236BF6A10052A486 /* Main.storyboard */; };
		2A23189F236BF6A20052A486 /* Assets.xcassets in Resources */ = {isa = PBXBuildFile; fileRef = 2A23189E236BF6A20052A486 /* Assets.xcassets */; };
		2A2318A2236BF6A20052A486 /* LaunchScreen.storyboard in Resources */ = {isa = PBXBuildFile; fileRef = 2A2318A0236BF6A20052A486 /* LaunchScreen.storyboard */; };
		2A2318B0236BF8150052A486 /* CloudInAppMessagingTests.swift in Sources */ = {isa = PBXBuildFile; fileRef = 2A2318AF236BF8150052A486 /* CloudInAppMessagingTests.swift */; };
		2A2318D1236BFD290052A486 /* FormCellModel.swift in Sources */ = {isa = PBXBuildFile; fileRef = 2A2318BA236BFD290052A486 /* FormCellModel.swift */; };
		2A2318D2236BFD290052A486 /* TitledFormCellModel.swift in Sources */ = {isa = PBXBuildFile; fileRef = 2A2318BC236BFD290052A486 /* TitledFormCellModel.swift */; };
		2A2318D4236BFD290052A486 /* GroupedSelectorFormTableViewCell.swift in Sources */ = {isa = PBXBuildFile; fileRef = 2A2318BE236BFD290052A486 /* GroupedSelectorFormTableViewCell.swift */; };
		2A2318D5236BFD290052A486 /* SelectorFormCellModel.swift in Sources */ = {isa = PBXBuildFile; fileRef = 2A2318BF236BFD290052A486 /* SelectorFormCellModel.swift */; };
		2A2318D6236BFD290052A486 /* SelectorFormTableViewCell.swift in Sources */ = {isa = PBXBuildFile; fileRef = 2A2318C0236BFD290052A486 /* SelectorFormTableViewCell.swift */; };
		2A2318D7236BFD290052A486 /* FormTableViewController.swift in Sources */ = {isa = PBXBuildFile; fileRef = 2A2318C1236BFD290052A486 /* FormTableViewController.swift */; };
		2A2318D8236BFD290052A486 /* SwitcherFormTableViewCell.swift in Sources */ = {isa = PBXBuildFile; fileRef = 2A2318C3236BFD290052A486 /* SwitcherFormTableViewCell.swift */; };
		2A2318D9236BFD290052A486 /* SwitcherFormCellModel.swift in Sources */ = {isa = PBXBuildFile; fileRef = 2A2318C4236BFD290052A486 /* SwitcherFormCellModel.swift */; };
		2A2318DA236BFD290052A486 /* GroupedSwitcherFormTableViewCell.swift in Sources */ = {isa = PBXBuildFile; fileRef = 2A2318C5236BFD290052A486 /* GroupedSwitcherFormTableViewCell.swift */; };
		2A2318DE236BFD290052A486 /* TextViewFormTableViewCell.swift in Sources */ = {isa = PBXBuildFile; fileRef = 2A2318CB236BFD290052A486 /* TextViewFormTableViewCell.swift */; };
		2A2318DF236BFD290052A486 /* TextViewFormCellModel.swift in Sources */ = {isa = PBXBuildFile; fileRef = 2A2318CC236BFD290052A486 /* TextViewFormCellModel.swift */; };
		2A2318E2236BFD290052A486 /* GroupedFormTableViewController.swift in Sources */ = {isa = PBXBuildFile; fileRef = 2A2318CF236BFD290052A486 /* GroupedFormTableViewController.swift */; };
		2A2318E3236BFD290052A486 /* FormSectionModel.swift in Sources */ = {isa = PBXBuildFile; fileRef = 2A2318D0236BFD290052A486 /* FormSectionModel.swift */; };
		2A2318E6236BFDCC0052A486 /* AddAlertCampaignViewController.swift in Sources */ = {isa = PBXBuildFile; fileRef = 2A2318E5236BFDCC0052A486 /* AddAlertCampaignViewController.swift */; };
		2A2318E9236C01F70052A486 /* Styles.swift in Sources */ = {isa = PBXBuildFile; fileRef = 2A2318E8236C01F70052A486 /* Styles.swift */; };
		2A2318EB236C02E60052A486 /* UIView+Animations.swift in Sources */ = {isa = PBXBuildFile; fileRef = 2A2318EA236C02E60052A486 /* UIView+Animations.swift */; };
		2A2318ED236C06B40052A486 /* GroupedTextViewFormTableViewCell.swift in Sources */ = {isa = PBXBuildFile; fileRef = 2A2318EC236C06B40052A486 /* GroupedTextViewFormTableViewCell.swift */; };
		2A2318EF236C0EF80052A486 /* UIViewController+ChildControllers.swift in Sources */ = {isa = PBXBuildFile; fileRef = 2A2318EE236C0EF80052A486 /* UIViewController+ChildControllers.swift */; };
		2A6AB23F236CAC3000165A6E /* DatePickerFormCellModel.swift in Sources */ = {isa = PBXBuildFile; fileRef = 2A6AB23C236CAC3000165A6E /* DatePickerFormCellModel.swift */; };
		2A6AB240236CAC3000165A6E /* DatePickerFormTableViewCell.swift in Sources */ = {isa = PBXBuildFile; fileRef = 2A6AB23D236CAC3000165A6E /* DatePickerFormTableViewCell.swift */; };
		2A6AB241236CAC3000165A6E /* GroupedDatePickerFormTableViewCell.swift in Sources */ = {isa = PBXBuildFile; fileRef = 2A6AB23E236CAC3000165A6E /* GroupedDatePickerFormTableViewCell.swift */; };
		2A6AB243236CC31500165A6E /* TextInputFormTableViewCell.swift in Sources */ = {isa = PBXBuildFile; fileRef = 2A6AB242236CC31500165A6E /* TextInputFormTableViewCell.swift */; };
		2A6AB245236CC5F900165A6E /* TextFieldFormTableViewCell.swift in Sources */ = {isa = PBXBuildFile; fileRef = 2A6AB244236CC5F900165A6E /* TextFieldFormTableViewCell.swift */; };
		2ADF56A3236C1370009917D1 /* AddAlertCampaignModel.swift in Sources */ = {isa = PBXBuildFile; fileRef = 2ADF56A2236C1370009917D1 /* AddAlertCampaignModel.swift */; };
		2ADF56A9236C4CA4009917D1 /* TextFieldFormCellModel.swift in Sources */ = {isa = PBXBuildFile; fileRef = 2ADF56A6236C4CA4009917D1 /* TextFieldFormCellModel.swift */; };
		2ADF56AA236C4CA4009917D1 /* GroupedTextFieldFormTableViewCell.swift in Sources */ = {isa = PBXBuildFile; fileRef = 2ADF56A7236C4CA4009917D1 /* GroupedTextFieldFormTableViewCell.swift */; };
		2ADF56AC236C51F3009917D1 /* TextInputFormCellModel.swift in Sources */ = {isa = PBXBuildFile; fileRef = 2ADF56AB236C51F3009917D1 /* TextInputFormCellModel.swift */; };
		EA6568E8878A63EDD1F1B6A5 /* Pods_CloudInAppMessaging_Tests.framework in Frameworks */ = {isa = PBXBuildFile; fileRef = 42E14082EEED190B60FED262 /* Pods_CloudInAppMessaging_Tests.framework */; };
		FFD21147C10589FD5188B9B4 /* Pods_CloudInAppMessaging_Example.framework in Frameworks */ = {isa = PBXBuildFile; fileRef = 6DD91BE5290E4EEB3F29A79F /* Pods_CloudInAppMessaging_Example.framework */; };
/* End PBXBuildFile section */

/* Begin PBXContainerItemProxy section */
		2A2318B2236BF8150052A486 /* PBXContainerItemProxy */ = {
			isa = PBXContainerItemProxy;
			containerPortal = 2A23188A236BF6A10052A486 /* Project object */;
			proxyType = 1;
			remoteGlobalIDString = 2A231891236BF6A10052A486;
			remoteInfo = CloudInAppMessaging_Example;
		};
/* End PBXContainerItemProxy section */

/* Begin PBXFileReference section */
		0C74AAB889E7BBE7C71F9837 /* Pods-CloudInAppMessaging_Tests.debug.xcconfig */ = {isa = PBXFileReference; includeInIndex = 1; lastKnownFileType = text.xcconfig; name = "Pods-CloudInAppMessaging_Tests.debug.xcconfig"; path = "Target Support Files/Pods-CloudInAppMessaging_Tests/Pods-CloudInAppMessaging_Tests.debug.xcconfig"; sourceTree = "<group>"; };
		2A231892236BF6A10052A486 /* CloudInAppMessaging_Example.app */ = {isa = PBXFileReference; explicitFileType = wrapper.application; includeInIndex = 0; path = CloudInAppMessaging_Example.app; sourceTree = BUILT_PRODUCTS_DIR; };
		2A231895236BF6A10052A486 /* AppDelegate.swift */ = {isa = PBXFileReference; lastKnownFileType = sourcecode.swift; path = AppDelegate.swift; sourceTree = "<group>"; };
		2A231899236BF6A10052A486 /* ViewController.swift */ = {isa = PBXFileReference; lastKnownFileType = sourcecode.swift; path = ViewController.swift; sourceTree = "<group>"; };
		2A23189C236BF6A10052A486 /* Base */ = {isa = PBXFileReference; lastKnownFileType = file.storyboard; name = Base; path = Base.lproj/Main.storyboard; sourceTree = "<group>"; };
		2A23189E236BF6A20052A486 /* Assets.xcassets */ = {isa = PBXFileReference; lastKnownFileType = folder.assetcatalog; path = Assets.xcassets; sourceTree = "<group>"; };
		2A2318A1236BF6A20052A486 /* Base */ = {isa = PBXFileReference; lastKnownFileType = file.storyboard; name = Base; path = Base.lproj/LaunchScreen.storyboard; sourceTree = "<group>"; };
		2A2318A3236BF6A20052A486 /* Info.plist */ = {isa = PBXFileReference; lastKnownFileType = text.plist.xml; path = Info.plist; sourceTree = "<group>"; };
		2A2318AD236BF8150052A486 /* CloudInAppMessaging_Tests.xctest */ = {isa = PBXFileReference; explicitFileType = wrapper.cfbundle; includeInIndex = 0; path = CloudInAppMessaging_Tests.xctest; sourceTree = BUILT_PRODUCTS_DIR; };
		2A2318AF236BF8150052A486 /* CloudInAppMessagingTests.swift */ = {isa = PBXFileReference; lastKnownFileType = sourcecode.swift; path = CloudInAppMessagingTests.swift; sourceTree = "<group>"; };
		2A2318B1236BF8150052A486 /* Info.plist */ = {isa = PBXFileReference; lastKnownFileType = text.plist.xml; path = Info.plist; sourceTree = "<group>"; };
		2A2318BA236BFD290052A486 /* FormCellModel.swift */ = {isa = PBXFileReference; fileEncoding = 4; lastKnownFileType = sourcecode.swift; path = FormCellModel.swift; sourceTree = "<group>"; };
		2A2318BC236BFD290052A486 /* TitledFormCellModel.swift */ = {isa = PBXFileReference; fileEncoding = 4; lastKnownFileType = sourcecode.swift; path = TitledFormCellModel.swift; sourceTree = "<group>"; };
		2A2318BE236BFD290052A486 /* GroupedSelectorFormTableViewCell.swift */ = {isa = PBXFileReference; fileEncoding = 4; lastKnownFileType = sourcecode.swift; path = GroupedSelectorFormTableViewCell.swift; sourceTree = "<group>"; };
		2A2318BF236BFD290052A486 /* SelectorFormCellModel.swift */ = {isa = PBXFileReference; fileEncoding = 4; lastKnownFileType = sourcecode.swift; path = SelectorFormCellModel.swift; sourceTree = "<group>"; };
		2A2318C0236BFD290052A486 /* SelectorFormTableViewCell.swift */ = {isa = PBXFileReference; fileEncoding = 4; lastKnownFileType = sourcecode.swift; path = SelectorFormTableViewCell.swift; sourceTree = "<group>"; };
		2A2318C1236BFD290052A486 /* FormTableViewController.swift */ = {isa = PBXFileReference; fileEncoding = 4; lastKnownFileType = sourcecode.swift; path = FormTableViewController.swift; sourceTree = "<group>"; };
		2A2318C3236BFD290052A486 /* SwitcherFormTableViewCell.swift */ = {isa = PBXFileReference; fileEncoding = 4; lastKnownFileType = sourcecode.swift; path = SwitcherFormTableViewCell.swift; sourceTree = "<group>"; };
		2A2318C4236BFD290052A486 /* SwitcherFormCellModel.swift */ = {isa = PBXFileReference; fileEncoding = 4; lastKnownFileType = sourcecode.swift; path = SwitcherFormCellModel.swift; sourceTree = "<group>"; };
		2A2318C5236BFD290052A486 /* GroupedSwitcherFormTableViewCell.swift */ = {isa = PBXFileReference; fileEncoding = 4; lastKnownFileType = sourcecode.swift; path = GroupedSwitcherFormTableViewCell.swift; sourceTree = "<group>"; };
		2A2318CB236BFD290052A486 /* TextViewFormTableViewCell.swift */ = {isa = PBXFileReference; fileEncoding = 4; lastKnownFileType = sourcecode.swift; path = TextViewFormTableViewCell.swift; sourceTree = "<group>"; };
		2A2318CC236BFD290052A486 /* TextViewFormCellModel.swift */ = {isa = PBXFileReference; fileEncoding = 4; lastKnownFileType = sourcecode.swift; path = TextViewFormCellModel.swift; sourceTree = "<group>"; };
		2A2318CF236BFD290052A486 /* GroupedFormTableViewController.swift */ = {isa = PBXFileReference; fileEncoding = 4; lastKnownFileType = sourcecode.swift; path = GroupedFormTableViewController.swift; sourceTree = "<group>"; };
		2A2318D0236BFD290052A486 /* FormSectionModel.swift */ = {isa = PBXFileReference; fileEncoding = 4; lastKnownFileType = sourcecode.swift; path = FormSectionModel.swift; sourceTree = "<group>"; };
		2A2318E5236BFDCC0052A486 /* AddAlertCampaignViewController.swift */ = {isa = PBXFileReference; lastKnownFileType = sourcecode.swift; path = AddAlertCampaignViewController.swift; sourceTree = "<group>"; };
		2A2318E8236C01F70052A486 /* Styles.swift */ = {isa = PBXFileReference; lastKnownFileType = sourcecode.swift; path = Styles.swift; sourceTree = "<group>"; };
		2A2318EA236C02E60052A486 /* UIView+Animations.swift */ = {isa = PBXFileReference; fileEncoding = 4; lastKnownFileType = sourcecode.swift; path = "UIView+Animations.swift"; sourceTree = "<group>"; };
		2A2318EC236C06B40052A486 /* GroupedTextViewFormTableViewCell.swift */ = {isa = PBXFileReference; fileEncoding = 4; lastKnownFileType = sourcecode.swift; path = GroupedTextViewFormTableViewCell.swift; sourceTree = "<group>"; };
		2A2318EE236C0EF80052A486 /* UIViewController+ChildControllers.swift */ = {isa = PBXFileReference; lastKnownFileType = sourcecode.swift; path = "UIViewController+ChildControllers.swift"; sourceTree = "<group>"; };
		2A6AB23C236CAC3000165A6E /* DatePickerFormCellModel.swift */ = {isa = PBXFileReference; fileEncoding = 4; lastKnownFileType = sourcecode.swift; path = DatePickerFormCellModel.swift; sourceTree = "<group>"; };
		2A6AB23D236CAC3000165A6E /* DatePickerFormTableViewCell.swift */ = {isa = PBXFileReference; fileEncoding = 4; lastKnownFileType = sourcecode.swift; path = DatePickerFormTableViewCell.swift; sourceTree = "<group>"; };
		2A6AB23E236CAC3000165A6E /* GroupedDatePickerFormTableViewCell.swift */ = {isa = PBXFileReference; fileEncoding = 4; lastKnownFileType = sourcecode.swift; path = GroupedDatePickerFormTableViewCell.swift; sourceTree = "<group>"; };
		2A6AB242236CC31500165A6E /* TextInputFormTableViewCell.swift */ = {isa = PBXFileReference; fileEncoding = 4; lastKnownFileType = sourcecode.swift; path = TextInputFormTableViewCell.swift; sourceTree = "<group>"; };
		2A6AB244236CC5F900165A6E /* TextFieldFormTableViewCell.swift */ = {isa = PBXFileReference; lastKnownFileType = sourcecode.swift; path = TextFieldFormTableViewCell.swift; sourceTree = "<group>"; };
		2ADF56A2236C1370009917D1 /* AddAlertCampaignModel.swift */ = {isa = PBXFileReference; lastKnownFileType = sourcecode.swift; path = AddAlertCampaignModel.swift; sourceTree = "<group>"; };
		2ADF56A6236C4CA4009917D1 /* TextFieldFormCellModel.swift */ = {isa = PBXFileReference; fileEncoding = 4; lastKnownFileType = sourcecode.swift; path = TextFieldFormCellModel.swift; sourceTree = "<group>"; };
		2ADF56A7236C4CA4009917D1 /* GroupedTextFieldFormTableViewCell.swift */ = {isa = PBXFileReference; fileEncoding = 4; lastKnownFileType = sourcecode.swift; path = GroupedTextFieldFormTableViewCell.swift; sourceTree = "<group>"; };
		2ADF56AB236C51F3009917D1 /* TextInputFormCellModel.swift */ = {isa = PBXFileReference; lastKnownFileType = sourcecode.swift; path = TextInputFormCellModel.swift; sourceTree = "<group>"; };
		42E14082EEED190B60FED262 /* Pods_CloudInAppMessaging_Tests.framework */ = {isa = PBXFileReference; explicitFileType = wrapper.framework; includeInIndex = 0; path = Pods_CloudInAppMessaging_Tests.framework; sourceTree = BUILT_PRODUCTS_DIR; };
		6A632D590E7341FB2EC8B3EA /* Pods-CloudInAppMessaging_Example.release.xcconfig */ = {isa = PBXFileReference; includeInIndex = 1; lastKnownFileType = text.xcconfig; name = "Pods-CloudInAppMessaging_Example.release.xcconfig"; path = "Target Support Files/Pods-CloudInAppMessaging_Example/Pods-CloudInAppMessaging_Example.release.xcconfig"; sourceTree = "<group>"; };
		6AF9F47F822F2AA09F9B75EF /* Pods-CloudInAppMessaging_Example.debug.xcconfig */ = {isa = PBXFileReference; includeInIndex = 1; lastKnownFileType = text.xcconfig; name = "Pods-CloudInAppMessaging_Example.debug.xcconfig"; path = "Target Support Files/Pods-CloudInAppMessaging_Example/Pods-CloudInAppMessaging_Example.debug.xcconfig"; sourceTree = "<group>"; };
		6DD91BE5290E4EEB3F29A79F /* Pods_CloudInAppMessaging_Example.framework */ = {isa = PBXFileReference; explicitFileType = wrapper.framework; includeInIndex = 0; path = Pods_CloudInAppMessaging_Example.framework; sourceTree = BUILT_PRODUCTS_DIR; };
		BA7F3CEBD93FF43B57EAF06B /* Pods-CloudInAppMessaging_Tests.release.xcconfig */ = {isa = PBXFileReference; includeInIndex = 1; lastKnownFileType = text.xcconfig; name = "Pods-CloudInAppMessaging_Tests.release.xcconfig"; path = "Target Support Files/Pods-CloudInAppMessaging_Tests/Pods-CloudInAppMessaging_Tests.release.xcconfig"; sourceTree = "<group>"; };
/* End PBXFileReference section */

/* Begin PBXFrameworksBuildPhase section */
		2A23188F236BF6A10052A486 /* Frameworks */ = {
			isa = PBXFrameworksBuildPhase;
			buildActionMask = 2147483647;
			files = (
				FFD21147C10589FD5188B9B4 /* Pods_CloudInAppMessaging_Example.framework in Frameworks */,
			);
			runOnlyForDeploymentPostprocessing = 0;
		};
		2A2318AA236BF8150052A486 /* Frameworks */ = {
			isa = PBXFrameworksBuildPhase;
			buildActionMask = 2147483647;
			files = (
				EA6568E8878A63EDD1F1B6A5 /* Pods_CloudInAppMessaging_Tests.framework in Frameworks */,
			);
			runOnlyForDeploymentPostprocessing = 0;
		};
/* End PBXFrameworksBuildPhase section */

/* Begin PBXGroup section */
		2A231889236BF6A10052A486 = {
			isa = PBXGroup;
			children = (
				2A231894236BF6A10052A486 /* CloudInAppMessaging */,
				2A2318AE236BF8150052A486 /* CloudInAppMessaging_Tests */,
				2A231893236BF6A10052A486 /* Products */,
				98F8D7626234BC1F96821224 /* Pods */,
				D5C05C306AE3931E9376CD7F /* Frameworks */,
			);
			sourceTree = "<group>";
		};
		2A231893236BF6A10052A486 /* Products */ = {
			isa = PBXGroup;
			children = (
				2A231892236BF6A10052A486 /* CloudInAppMessaging_Example.app */,
				2A2318AD236BF8150052A486 /* CloudInAppMessaging_Tests.xctest */,
			);
			name = Products;
			sourceTree = "<group>";
		};
		2A231894236BF6A10052A486 /* CloudInAppMessaging */ = {
			isa = PBXGroup;
			children = (
				2A2318E7236C01E90052A486 /* Views */,
				2A2318E4236BFDBA0052A486 /* Add */,
				2A2318B9236BFD290052A486 /* Forms */,
				2A231895236BF6A10052A486 /* AppDelegate.swift */,
				2A231899236BF6A10052A486 /* ViewController.swift */,
				2A23189B236BF6A10052A486 /* Main.storyboard */,
				2A23189E236BF6A20052A486 /* Assets.xcassets */,
				2A2318A0236BF6A20052A486 /* LaunchScreen.storyboard */,
				2A2318A3236BF6A20052A486 /* Info.plist */,
			);
			path = CloudInAppMessaging;
			sourceTree = "<group>";
		};
		2A2318AE236BF8150052A486 /* CloudInAppMessaging_Tests */ = {
			isa = PBXGroup;
			children = (
				2A2318AF236BF8150052A486 /* CloudInAppMessagingTests.swift */,
				2A2318B1236BF8150052A486 /* Info.plist */,
			);
			path = CloudInAppMessaging_Tests;
			sourceTree = "<group>";
		};
		2A2318B9236BFD290052A486 /* Forms */ = {
			isa = PBXGroup;
			children = (
				2A2318BB236BFD290052A486 /* Selector */,
				2A2318C2236BFD290052A486 /* Switcher */,
				2A6AB246236CCF1B00165A6E /* BaseTextInput */,
				2A6AB233236CABF000165A6E /* DatePicker */,
				2A2318CA236BFD290052A486 /* TextView */,
				2ADF56A4236C4CA4009917D1 /* TextField */,
				2A2318BA236BFD290052A486 /* FormCellModel.swift */,
				2A2318D0236BFD290052A486 /* FormSectionModel.swift */,
				2A2318C1236BFD290052A486 /* FormTableViewController.swift */,
				2A2318CF236BFD290052A486 /* GroupedFormTableViewController.swift */,
			);
			path = Forms;
			sourceTree = "<group>";
		};
		2A2318BB236BFD290052A486 /* Selector */ = {
			isa = PBXGroup;
			children = (
				2A2318BE236BFD290052A486 /* GroupedSelectorFormTableViewCell.swift */,
				2A2318BF236BFD290052A486 /* SelectorFormCellModel.swift */,
				2A2318C0236BFD290052A486 /* SelectorFormTableViewCell.swift */,
				2A2318BC236BFD290052A486 /* TitledFormCellModel.swift */,
			);
			path = Selector;
			sourceTree = "<group>";
		};
		2A2318C2236BFD290052A486 /* Switcher */ = {
			isa = PBXGroup;
			children = (
				2A2318C5236BFD290052A486 /* GroupedSwitcherFormTableViewCell.swift */,
				2A2318C4236BFD290052A486 /* SwitcherFormCellModel.swift */,
				2A2318C3236BFD290052A486 /* SwitcherFormTableViewCell.swift */,
			);
			path = Switcher;
			sourceTree = "<group>";
		};
		2A2318CA236BFD290052A486 /* TextView */ = {
			isa = PBXGroup;
			children = (
				2A2318EC236C06B40052A486 /* GroupedTextViewFormTableViewCell.swift */,
				2A2318CC236BFD290052A486 /* TextViewFormCellModel.swift */,
				2A2318CB236BFD290052A486 /* TextViewFormTableViewCell.swift */,
			);
			path = TextView;
			sourceTree = "<group>";
		};
		2A2318E4236BFDBA0052A486 /* Add */ = {
			isa = PBXGroup;
			children = (
				2A2318E5236BFDCC0052A486 /* AddAlertCampaignViewController.swift */,
				2ADF56A2236C1370009917D1 /* AddAlertCampaignModel.swift */,
			);
			path = Add;
			sourceTree = "<group>";
		};
		2A2318E7236C01E90052A486 /* Views */ = {
			isa = PBXGroup;
			children = (
				2A2318EA236C02E60052A486 /* UIView+Animations.swift */,
				2A2318E8236C01F70052A486 /* Styles.swift */,
				2A2318EE236C0EF80052A486 /* UIViewController+ChildControllers.swift */,
			);
			path = Views;
			sourceTree = "<group>";
		};
		2A6AB233236CABF000165A6E /* DatePicker */ = {
			isa = PBXGroup;
			children = (
				2A6AB23C236CAC3000165A6E /* DatePickerFormCellModel.swift */,
				2A6AB23D236CAC3000165A6E /* DatePickerFormTableViewCell.swift */,
				2A6AB23E236CAC3000165A6E /* GroupedDatePickerFormTableViewCell.swift */,
			);
			path = DatePicker;
			sourceTree = "<group>";
		};
		2A6AB246236CCF1B00165A6E /* BaseTextInput */ = {
			isa = PBXGroup;
			children = (
				2ADF56AB236C51F3009917D1 /* TextInputFormCellModel.swift */,
				2A6AB242236CC31500165A6E /* TextInputFormTableViewCell.swift */,
			);
			path = BaseTextInput;
			sourceTree = "<group>";
		};
		2ADF56A4236C4CA4009917D1 /* TextField */ = {
			isa = PBXGroup;
			children = (
				2ADF56A7236C4CA4009917D1 /* GroupedTextFieldFormTableViewCell.swift */,
				2ADF56A6236C4CA4009917D1 /* TextFieldFormCellModel.swift */,
				2A6AB244236CC5F900165A6E /* TextFieldFormTableViewCell.swift */,
			);
			path = TextField;
			sourceTree = "<group>";
		};
		98F8D7626234BC1F96821224 /* Pods */ = {
			isa = PBXGroup;
			children = (
				6AF9F47F822F2AA09F9B75EF /* Pods-CloudInAppMessaging_Example.debug.xcconfig */,
				6A632D590E7341FB2EC8B3EA /* Pods-CloudInAppMessaging_Example.release.xcconfig */,
				0C74AAB889E7BBE7C71F9837 /* Pods-CloudInAppMessaging_Tests.debug.xcconfig */,
				BA7F3CEBD93FF43B57EAF06B /* Pods-CloudInAppMessaging_Tests.release.xcconfig */,
			);
			path = Pods;
			sourceTree = "<group>";
		};
		D5C05C306AE3931E9376CD7F /* Frameworks */ = {
			isa = PBXGroup;
			children = (
				6DD91BE5290E4EEB3F29A79F /* Pods_CloudInAppMessaging_Example.framework */,
				42E14082EEED190B60FED262 /* Pods_CloudInAppMessaging_Tests.framework */,
			);
			name = Frameworks;
			sourceTree = "<group>";
		};
/* End PBXGroup section */

/* Begin PBXNativeTarget section */
		2A231891236BF6A10052A486 /* CloudInAppMessaging_Example */ = {
			isa = PBXNativeTarget;
			buildConfigurationList = 2A2318A6236BF6A20052A486 /* Build configuration list for PBXNativeTarget "CloudInAppMessaging_Example" */;
			buildPhases = (
				9B4EC4A332FB000EE4069433 /* [CP] Check Pods Manifest.lock */,
				2A2318B8236BF8BD0052A486 /* Swift Format */,
				2A2318B7236BF8A20052A486 /* Swift Lint */,
				2A23188E236BF6A10052A486 /* Sources */,
				2A23188F236BF6A10052A486 /* Frameworks */,
				2A231890236BF6A10052A486 /* Resources */,
				CF66B5C6353CFAC93188276C /* [CP] Embed Pods Frameworks */,
			);
			buildRules = (
			);
			dependencies = (
			);
			name = CloudInAppMessaging_Example;
			productName = CloudInAppMessaging;
			productReference = 2A231892236BF6A10052A486 /* CloudInAppMessaging_Example.app */;
			productType = "com.apple.product-type.application";
		};
		2A2318AC236BF8150052A486 /* CloudInAppMessaging_Tests */ = {
			isa = PBXNativeTarget;
			buildConfigurationList = 2A2318B6236BF8150052A486 /* Build configuration list for PBXNativeTarget "CloudInAppMessaging_Tests" */;
			buildPhases = (
				A5AF6FB9FD6A1B4B69CC7F97 /* [CP] Check Pods Manifest.lock */,
				2A2318A9236BF8150052A486 /* Sources */,
				2A2318AA236BF8150052A486 /* Frameworks */,
				2A2318AB236BF8150052A486 /* Resources */,
			);
			buildRules = (
			);
			dependencies = (
				2A2318B3236BF8150052A486 /* PBXTargetDependency */,
			);
			name = CloudInAppMessaging_Tests;
			productName = CloudInAppMessaging_Tests;
			productReference = 2A2318AD236BF8150052A486 /* CloudInAppMessaging_Tests.xctest */;
			productType = "com.apple.product-type.bundle.unit-test";
		};
/* End PBXNativeTarget section */

/* Begin PBXProject section */
		2A23188A236BF6A10052A486 /* Project object */ = {
			isa = PBXProject;
			attributes = {
				LastSwiftUpdateCheck = 1110;
				LastUpgradeCheck = 1110;
				ORGANIZATIONNAME = "Andrew Podkovyrin";
				TargetAttributes = {
					2A231891236BF6A10052A486 = {
						CreatedOnToolsVersion = 11.1;
					};
					2A2318AC236BF8150052A486 = {
						CreatedOnToolsVersion = 11.1;
						TestTargetID = 2A231891236BF6A10052A486;
					};
				};
			};
			buildConfigurationList = 2A23188D236BF6A10052A486 /* Build configuration list for PBXProject "CloudInAppMessaging" */;
			compatibilityVersion = "Xcode 9.3";
			developmentRegion = en;
			hasScannedForEncodings = 0;
			knownRegions = (
				en,
				Base,
			);
			mainGroup = 2A231889236BF6A10052A486;
			productRefGroup = 2A231893236BF6A10052A486 /* Products */;
			projectDirPath = "";
			projectRoot = "";
			targets = (
				2A231891236BF6A10052A486 /* CloudInAppMessaging_Example */,
				2A2318AC236BF8150052A486 /* CloudInAppMessaging_Tests */,
			);
		};
/* End PBXProject section */

/* Begin PBXResourcesBuildPhase section */
		2A231890236BF6A10052A486 /* Resources */ = {
			isa = PBXResourcesBuildPhase;
			buildActionMask = 2147483647;
			files = (
				2A2318A2236BF6A20052A486 /* LaunchScreen.storyboard in Resources */,
				2A23189F236BF6A20052A486 /* Assets.xcassets in Resources */,
				2A23189D236BF6A10052A486 /* Main.storyboard in Resources */,
			);
			runOnlyForDeploymentPostprocessing = 0;
		};
		2A2318AB236BF8150052A486 /* Resources */ = {
			isa = PBXResourcesBuildPhase;
			buildActionMask = 2147483647;
			files = (
			);
			runOnlyForDeploymentPostprocessing = 0;
		};
/* End PBXResourcesBuildPhase section */

/* Begin PBXShellScriptBuildPhase section */
		2A2318B7236BF8A20052A486 /* Swift Lint */ = {
			isa = PBXShellScriptBuildPhase;
			buildActionMask = 2147483647;
			files = (
			);
			inputFileListPaths = (
			);
			inputPaths = (
			);
			name = "Swift Lint";
			outputFileListPaths = (
			);
			outputPaths = (
			);
			runOnlyForDeploymentPostprocessing = 0;
			shellPath = /bin/sh;
			shellScript = "if which swiftlint >/dev/null; then\n    swiftlint\nelse\n    echo \"warning: SwiftLint does not exist, download from https://github.com/realm/SwiftLint\"\nfi\n";
		};
		2A2318B8236BF8BD0052A486 /* Swift Format */ = {
			isa = PBXShellScriptBuildPhase;
			buildActionMask = 2147483647;
			files = (
			);
			inputFileListPaths = (
			);
			inputPaths = (
			);
			name = "Swift Format";
			outputFileListPaths = (
			);
			outputPaths = (
			);
			runOnlyForDeploymentPostprocessing = 0;
			shellPath = /bin/sh;
			shellScript = "if which swiftformat >/dev/null; then\n    swiftformat CloudInAppMessaging\n    swiftformat CloudInAppMessaging_Tests\nelse\n    echo \"warning: SwiftFormat not installed, download from https://github.com/nicklockwood/SwiftFormat\"\nfi\n";
		};
		9B4EC4A332FB000EE4069433 /* [CP] Check Pods Manifest.lock */ = {
			isa = PBXShellScriptBuildPhase;
			buildActionMask = 2147483647;
			files = (
			);
			inputFileListPaths = (
			);
			inputPaths = (
				"${PODS_PODFILE_DIR_PATH}/Podfile.lock",
				"${PODS_ROOT}/Manifest.lock",
			);
			name = "[CP] Check Pods Manifest.lock";
			outputFileListPaths = (
			);
			outputPaths = (
				"$(DERIVED_FILE_DIR)/Pods-CloudInAppMessaging_Example-checkManifestLockResult.txt",
			);
			runOnlyForDeploymentPostprocessing = 0;
			shellPath = /bin/sh;
			shellScript = "diff \"${PODS_PODFILE_DIR_PATH}/Podfile.lock\" \"${PODS_ROOT}/Manifest.lock\" > /dev/null\nif [ $? != 0 ] ; then\n    # print error to STDERR\n    echo \"error: The sandbox is not in sync with the Podfile.lock. Run 'pod install' or update your CocoaPods installation.\" >&2\n    exit 1\nfi\n# This output is used by Xcode 'outputs' to avoid re-running this script phase.\necho \"SUCCESS\" > \"${SCRIPT_OUTPUT_FILE_0}\"\n";
			showEnvVarsInLog = 0;
		};
		A5AF6FB9FD6A1B4B69CC7F97 /* [CP] Check Pods Manifest.lock */ = {
			isa = PBXShellScriptBuildPhase;
			buildActionMask = 2147483647;
			files = (
			);
			inputFileListPaths = (
			);
			inputPaths = (
				"${PODS_PODFILE_DIR_PATH}/Podfile.lock",
				"${PODS_ROOT}/Manifest.lock",
			);
			name = "[CP] Check Pods Manifest.lock";
			outputFileListPaths = (
			);
			outputPaths = (
				"$(DERIVED_FILE_DIR)/Pods-CloudInAppMessaging_Tests-checkManifestLockResult.txt",
			);
			runOnlyForDeploymentPostprocessing = 0;
			shellPath = /bin/sh;
			shellScript = "diff \"${PODS_PODFILE_DIR_PATH}/Podfile.lock\" \"${PODS_ROOT}/Manifest.lock\" > /dev/null\nif [ $? != 0 ] ; then\n    # print error to STDERR\n    echo \"error: The sandbox is not in sync with the Podfile.lock. Run 'pod install' or update your CocoaPods installation.\" >&2\n    exit 1\nfi\n# This output is used by Xcode 'outputs' to avoid re-running this script phase.\necho \"SUCCESS\" > \"${SCRIPT_OUTPUT_FILE_0}\"\n";
			showEnvVarsInLog = 0;
		};
		CF66B5C6353CFAC93188276C /* [CP] Embed Pods Frameworks */ = {
			isa = PBXShellScriptBuildPhase;
			buildActionMask = 2147483647;
			files = (
			);
			inputFileListPaths = (
				"${PODS_ROOT}/Target Support Files/Pods-CloudInAppMessaging_Example/Pods-CloudInAppMessaging_Example-frameworks-${CONFIGURATION}-input-files.xcfilelist",
			);
			name = "[CP] Embed Pods Frameworks";
			outputFileListPaths = (
				"${PODS_ROOT}/Target Support Files/Pods-CloudInAppMessaging_Example/Pods-CloudInAppMessaging_Example-frameworks-${CONFIGURATION}-output-files.xcfilelist",
			);
			runOnlyForDeploymentPostprocessing = 0;
			shellPath = /bin/sh;
			shellScript = "\"${PODS_ROOT}/Target Support Files/Pods-CloudInAppMessaging_Example/Pods-CloudInAppMessaging_Example-frameworks.sh\"\n";
			showEnvVarsInLog = 0;
		};
/* End PBXShellScriptBuildPhase section */

/* Begin PBXSourcesBuildPhase section */
		2A23188E236BF6A10052A486 /* Sources */ = {
			isa = PBXSourcesBuildPhase;
			buildActionMask = 2147483647;
			files = (
				2A2318E2236BFD290052A486 /* GroupedFormTableViewController.swift in Sources */,
				2A2318EF236C0EF80052A486 /* UIViewController+ChildControllers.swift in Sources */,
				2A23189A236BF6A10052A486 /* ViewController.swift in Sources */,
				2ADF56A9236C4CA4009917D1 /* TextFieldFormCellModel.swift in Sources */,
				2A2318D7236BFD290052A486 /* FormTableViewController.swift in Sources */,
				2A2318D1236BFD290052A486 /* FormCellModel.swift in Sources */,
				2A2318D6236BFD290052A486 /* SelectorFormTableViewCell.swift in Sources */,
				2A2318E3236BFD290052A486 /* FormSectionModel.swift in Sources */,
				2A6AB241236CAC3000165A6E /* GroupedDatePickerFormTableViewCell.swift in Sources */,
				2A6AB240236CAC3000165A6E /* DatePickerFormTableViewCell.swift in Sources */,
				2A6AB243236CC31500165A6E /* TextInputFormTableViewCell.swift in Sources */,
				2A231896236BF6A10052A486 /* AppDelegate.swift in Sources */,
				2A2318DF236BFD290052A486 /* TextViewFormCellModel.swift in Sources */,
				2A2318DE236BFD290052A486 /* TextViewFormTableViewCell.swift in Sources */,
				2A2318D5236BFD290052A486 /* SelectorFormCellModel.swift in Sources */,
				2A2318ED236C06B40052A486 /* GroupedTextViewFormTableViewCell.swift in Sources */,
				2A2318D2236BFD290052A486 /* TitledFormCellModel.swift in Sources */,
				2A2318E9236C01F70052A486 /* Styles.swift in Sources */,
				2A6AB23F236CAC3000165A6E /* DatePickerFormCellModel.swift in Sources */,
				2A2318D9236BFD290052A486 /* SwitcherFormCellModel.swift in Sources */,
				2ADF56AA236C4CA4009917D1 /* GroupedTextFieldFormTableViewCell.swift in Sources */,
				2A6AB245236CC5F900165A6E /* TextFieldFormTableViewCell.swift in Sources */,
				2A2318D8236BFD290052A486 /* SwitcherFormTableViewCell.swift in Sources */,
				2A2318D4236BFD290052A486 /* GroupedSelectorFormTableViewCell.swift in Sources */,
				2ADF56AC236C51F3009917D1 /* TextInputFormCellModel.swift in Sources */,
				2A2318E6236BFDCC0052A486 /* AddAlertCampaignViewController.swift in Sources */,
				2A2318DA236BFD290052A486 /* GroupedSwitcherFormTableViewCell.swift in Sources */,
				2ADF56A3236C1370009917D1 /* AddAlertCampaignModel.swift in Sources */,
				2A2318EB236C02E60052A486 /* UIView+Animations.swift in Sources */,
			);
			runOnlyForDeploymentPostprocessing = 0;
		};
		2A2318A9236BF8150052A486 /* Sources */ = {
			isa = PBXSourcesBuildPhase;
			buildActionMask = 2147483647;
			files = (
				2A2318B0236BF8150052A486 /* CloudInAppMessagingTests.swift in Sources */,
			);
			runOnlyForDeploymentPostprocessing = 0;
		};
/* End PBXSourcesBuildPhase section */

/* Begin PBXTargetDependency section */
		2A2318B3236BF8150052A486 /* PBXTargetDependency */ = {
			isa = PBXTargetDependency;
			target = 2A231891236BF6A10052A486 /* CloudInAppMessaging_Example */;
			targetProxy = 2A2318B2236BF8150052A486 /* PBXContainerItemProxy */;
		};
/* End PBXTargetDependency section */

/* Begin PBXVariantGroup section */
		2A23189B236BF6A10052A486 /* Main.storyboard */ = {
			isa = PBXVariantGroup;
			children = (
				2A23189C236BF6A10052A486 /* Base */,
			);
			name = Main.storyboard;
			sourceTree = "<group>";
		};
		2A2318A0236BF6A20052A486 /* LaunchScreen.storyboard */ = {
			isa = PBXVariantGroup;
			children = (
				2A2318A1236BF6A20052A486 /* Base */,
			);
			name = LaunchScreen.storyboard;
			sourceTree = "<group>";
		};
/* End PBXVariantGroup section */

/* Begin XCBuildConfiguration section */
		2A2318A4236BF6A20052A486 /* Debug */ = {
			isa = XCBuildConfiguration;
			buildSettings = {
				ALWAYS_SEARCH_USER_PATHS = NO;
				CLANG_ANALYZER_NONNULL = YES;
				CLANG_ANALYZER_NUMBER_OBJECT_CONVERSION = YES_AGGRESSIVE;
				CLANG_CXX_LANGUAGE_STANDARD = "gnu++14";
				CLANG_CXX_LIBRARY = "libc++";
				CLANG_ENABLE_MODULES = YES;
				CLANG_ENABLE_OBJC_ARC = YES;
				CLANG_ENABLE_OBJC_WEAK = YES;
				CLANG_WARN_BLOCK_CAPTURE_AUTORELEASING = YES;
				CLANG_WARN_BOOL_CONVERSION = YES;
				CLANG_WARN_COMMA = YES;
				CLANG_WARN_CONSTANT_CONVERSION = YES;
				CLANG_WARN_DEPRECATED_OBJC_IMPLEMENTATIONS = YES;
				CLANG_WARN_DIRECT_OBJC_ISA_USAGE = YES_ERROR;
				CLANG_WARN_DOCUMENTATION_COMMENTS = YES;
				CLANG_WARN_EMPTY_BODY = YES;
				CLANG_WARN_ENUM_CONVERSION = YES;
				CLANG_WARN_INFINITE_RECURSION = YES;
				CLANG_WARN_INT_CONVERSION = YES;
				CLANG_WARN_NON_LITERAL_NULL_CONVERSION = YES;
				CLANG_WARN_OBJC_IMPLICIT_RETAIN_SELF = YES;
				CLANG_WARN_OBJC_LITERAL_CONVERSION = YES;
				CLANG_WARN_OBJC_ROOT_CLASS = YES_ERROR;
				CLANG_WARN_RANGE_LOOP_ANALYSIS = YES;
				CLANG_WARN_STRICT_PROTOTYPES = YES;
				CLANG_WARN_SUSPICIOUS_MOVE = YES;
				CLANG_WARN_UNGUARDED_AVAILABILITY = YES_AGGRESSIVE;
				CLANG_WARN_UNREACHABLE_CODE = YES;
				CLANG_WARN__DUPLICATE_METHOD_MATCH = YES;
				COPY_PHASE_STRIP = NO;
				DEBUG_INFORMATION_FORMAT = dwarf;
				ENABLE_STRICT_OBJC_MSGSEND = YES;
				ENABLE_TESTABILITY = YES;
				GCC_C_LANGUAGE_STANDARD = gnu11;
				GCC_DYNAMIC_NO_PIC = NO;
				GCC_NO_COMMON_BLOCKS = YES;
				GCC_OPTIMIZATION_LEVEL = 0;
				GCC_PREPROCESSOR_DEFINITIONS = (
					"DEBUG=1",
					"$(inherited)",
				);
				GCC_WARN_64_TO_32_BIT_CONVERSION = YES;
				GCC_WARN_ABOUT_RETURN_TYPE = YES_ERROR;
				GCC_WARN_UNDECLARED_SELECTOR = YES;
				GCC_WARN_UNINITIALIZED_AUTOS = YES_AGGRESSIVE;
				GCC_WARN_UNUSED_FUNCTION = YES;
				GCC_WARN_UNUSED_VARIABLE = YES;
				IPHONEOS_DEPLOYMENT_TARGET = 11.0;
				MTL_ENABLE_DEBUG_INFO = INCLUDE_SOURCE;
				MTL_FAST_MATH = YES;
				ONLY_ACTIVE_ARCH = YES;
				SDKROOT = iphoneos;
				SWIFT_ACTIVE_COMPILATION_CONDITIONS = DEBUG;
				SWIFT_OPTIMIZATION_LEVEL = "-Onone";
			};
			name = Debug;
		};
		2A2318A5236BF6A20052A486 /* Release */ = {
			isa = XCBuildConfiguration;
			buildSettings = {
				ALWAYS_SEARCH_USER_PATHS = NO;
				CLANG_ANALYZER_NONNULL = YES;
				CLANG_ANALYZER_NUMBER_OBJECT_CONVERSION = YES_AGGRESSIVE;
				CLANG_CXX_LANGUAGE_STANDARD = "gnu++14";
				CLANG_CXX_LIBRARY = "libc++";
				CLANG_ENABLE_MODULES = YES;
				CLANG_ENABLE_OBJC_ARC = YES;
				CLANG_ENABLE_OBJC_WEAK = YES;
				CLANG_WARN_BLOCK_CAPTURE_AUTORELEASING = YES;
				CLANG_WARN_BOOL_CONVERSION = YES;
				CLANG_WARN_COMMA = YES;
				CLANG_WARN_CONSTANT_CONVERSION = YES;
				CLANG_WARN_DEPRECATED_OBJC_IMPLEMENTATIONS = YES;
				CLANG_WARN_DIRECT_OBJC_ISA_USAGE = YES_ERROR;
				CLANG_WARN_DOCUMENTATION_COMMENTS = YES;
				CLANG_WARN_EMPTY_BODY = YES;
				CLANG_WARN_ENUM_CONVERSION = YES;
				CLANG_WARN_INFINITE_RECURSION = YES;
				CLANG_WARN_INT_CONVERSION = YES;
				CLANG_WARN_NON_LITERAL_NULL_CONVERSION = YES;
				CLANG_WARN_OBJC_IMPLICIT_RETAIN_SELF = YES;
				CLANG_WARN_OBJC_LITERAL_CONVERSION = YES;
				CLANG_WARN_OBJC_ROOT_CLASS = YES_ERROR;
				CLANG_WARN_RANGE_LOOP_ANALYSIS = YES;
				CLANG_WARN_STRICT_PROTOTYPES = YES;
				CLANG_WARN_SUSPICIOUS_MOVE = YES;
				CLANG_WARN_UNGUARDED_AVAILABILITY = YES_AGGRESSIVE;
				CLANG_WARN_UNREACHABLE_CODE = YES;
				CLANG_WARN__DUPLICATE_METHOD_MATCH = YES;
				COPY_PHASE_STRIP = NO;
				DEBUG_INFORMATION_FORMAT = "dwarf-with-dsym";
				ENABLE_NS_ASSERTIONS = NO;
				ENABLE_STRICT_OBJC_MSGSEND = YES;
				GCC_C_LANGUAGE_STANDARD = gnu11;
				GCC_NO_COMMON_BLOCKS = YES;
				GCC_WARN_64_TO_32_BIT_CONVERSION = YES;
				GCC_WARN_ABOUT_RETURN_TYPE = YES_ERROR;
				GCC_WARN_UNDECLARED_SELECTOR = YES;
				GCC_WARN_UNINITIALIZED_AUTOS = YES_AGGRESSIVE;
				GCC_WARN_UNUSED_FUNCTION = YES;
				GCC_WARN_UNUSED_VARIABLE = YES;
				IPHONEOS_DEPLOYMENT_TARGET = 11.0;
				MTL_ENABLE_DEBUG_INFO = NO;
				MTL_FAST_MATH = YES;
				SDKROOT = iphoneos;
				SWIFT_COMPILATION_MODE = wholemodule;
				SWIFT_OPTIMIZATION_LEVEL = "-O";
				VALIDATE_PRODUCT = YES;
			};
			name = Release;
		};
		2A2318A7236BF6A20052A486 /* Debug */ = {
			isa = XCBuildConfiguration;
			baseConfigurationReference = 6AF9F47F822F2AA09F9B75EF /* Pods-CloudInAppMessaging_Example.debug.xcconfig */;
			buildSettings = {
				ASSETCATALOG_COMPILER_APPICON_NAME = AppIcon;
				CODE_SIGN_STYLE = Automatic;
				DEVELOPMENT_TEAM = 6PMBQR35S8;
				INFOPLIST_FILE = CloudInAppMessaging/Info.plist;
				LD_RUNPATH_SEARCH_PATHS = (
					"$(inherited)",
					"@executable_path/Frameworks",
				);
				PRODUCT_BUNDLE_IDENTIFIER = com.podkovyrin.CloudInAppMessaging;
				PRODUCT_NAME = "$(TARGET_NAME)";
				SWIFT_VERSION = 5.0;
				TARGETED_DEVICE_FAMILY = 1;
			};
			name = Debug;
		};
		2A2318A8236BF6A20052A486 /* Release */ = {
			isa = XCBuildConfiguration;
			baseConfigurationReference = 6A632D590E7341FB2EC8B3EA /* Pods-CloudInAppMessaging_Example.release.xcconfig */;
			buildSettings = {
				ASSETCATALOG_COMPILER_APPICON_NAME = AppIcon;
				CODE_SIGN_STYLE = Automatic;
				DEVELOPMENT_TEAM = 6PMBQR35S8;
				INFOPLIST_FILE = CloudInAppMessaging/Info.plist;
				LD_RUNPATH_SEARCH_PATHS = (
					"$(inherited)",
					"@executable_path/Frameworks",
				);
				PRODUCT_BUNDLE_IDENTIFIER = com.podkovyrin.CloudInAppMessaging;
				PRODUCT_NAME = "$(TARGET_NAME)";
				SWIFT_VERSION = 5.0;
				TARGETED_DEVICE_FAMILY = 1;
			};
			name = Release;
		};
		2A2318B4236BF8150052A486 /* Debug */ = {
			isa = XCBuildConfiguration;
			baseConfigurationReference = 0C74AAB889E7BBE7C71F9837 /* Pods-CloudInAppMessaging_Tests.debug.xcconfig */;
			buildSettings = {
				BUNDLE_LOADER = "$(TEST_HOST)";
				CODE_SIGN_STYLE = Automatic;
				DEVELOPMENT_TEAM = 6PMBQR35S8;
				INFOPLIST_FILE = CloudInAppMessaging_Tests/Info.plist;
				IPHONEOS_DEPLOYMENT_TARGET = 13.1;
				LD_RUNPATH_SEARCH_PATHS = (
					"$(inherited)",
					"@executable_path/Frameworks",
					"@loader_path/Frameworks",
				);
				PRODUCT_BUNDLE_IDENTIFIER = "com.podkovyrin.CloudInAppMessaging-Tests";
				PRODUCT_NAME = "$(TARGET_NAME)";
				SWIFT_VERSION = 5.0;
				TARGETED_DEVICE_FAMILY = "1,2";
				TEST_HOST = "$(BUILT_PRODUCTS_DIR)/CloudInAppMessaging_Example.app/CloudInAppMessaging_Example";
			};
			name = Debug;
		};
		2A2318B5236BF8150052A486 /* Release */ = {
			isa = XCBuildConfiguration;
			baseConfigurationReference = BA7F3CEBD93FF43B57EAF06B /* Pods-CloudInAppMessaging_Tests.release.xcconfig */;
			buildSettings = {
				BUNDLE_LOADER = "$(TEST_HOST)";
				CODE_SIGN_STYLE = Automatic;
				DEVELOPMENT_TEAM = 6PMBQR35S8;
				INFOPLIST_FILE = CloudInAppMessaging_Tests/Info.plist;
				IPHONEOS_DEPLOYMENT_TARGET = 13.1;
				LD_RUNPATH_SEARCH_PATHS = (
					"$(inherited)",
					"@executable_path/Frameworks",
					"@loader_path/Frameworks",
				);
				PRODUCT_BUNDLE_IDENTIFIER = "com.podkovyrin.CloudInAppMessaging-Tests";
				PRODUCT_NAME = "$(TARGET_NAME)";
				SWIFT_VERSION = 5.0;
				TARGETED_DEVICE_FAMILY = "1,2";
				TEST_HOST = "$(BUILT_PRODUCTS_DIR)/CloudInAppMessaging_Example.app/CloudInAppMessaging_Example";
			};
			name = Release;
		};
/* End XCBuildConfiguration section */

/* Begin XCConfigurationList section */
		2A23188D236BF6A10052A486 /* Build configuration list for PBXProject "CloudInAppMessaging" */ = {
			isa = XCConfigurationList;
			buildConfigurations = (
				2A2318A4236BF6A20052A486 /* Debug */,
				2A2318A5236BF6A20052A486 /* Release */,
			);
			defaultConfigurationIsVisible = 0;
			defaultConfigurationName = Release;
		};
		2A2318A6236BF6A20052A486 /* Build configuration list for PBXNativeTarget "CloudInAppMessaging_Example" */ = {
			isa = XCConfigurationList;
			buildConfigurations = (
				2A2318A7236BF6A20052A486 /* Debug */,
				2A2318A8236BF6A20052A486 /* Release */,
			);
			defaultConfigurationIsVisible = 0;
			defaultConfigurationName = Release;
		};
		2A2318B6236BF8150052A486 /* Build configuration list for PBXNativeTarget "CloudInAppMessaging_Tests" */ = {
			isa = XCConfigurationList;
			buildConfigurations = (
				2A2318B4236BF8150052A486 /* Debug */,
				2A2318B5236BF8150052A486 /* Release */,
			);
			defaultConfigurationIsVisible = 0;
			defaultConfigurationName = Release;
		};
/* End XCConfigurationList section */
	};
	rootObject = 2A23188A236BF6A10052A486 /* Project object */;
}
